# This file is autogenerated, do not edit; changes may be undone by the next 'dep ensure'.


[[projects]]
  digest = "1:bc24d32292c699c0cc375ae09fef8340c37360f46ec60cad98312b699c039422"
  name = "github.com/golang/mock"
  packages = ["gomock"]
  pruneopts = ""
  revision = "f7b1909c82a8958747e5c87c6a5c3b2eaed8a33d"
  version = "v1.4.4"

[solve-meta]
  analyzer-name = "dep"
  analyzer-version = 1
  input-imports = ["github.com/golang/mock/gomock"]
  solver-name = "gps-cdcl"
  solver-version = 1
